// !$*UTF8*$!
{
	archiveVersion = 1;
	classes = {
	};
	objectVersion = 56;
	objects = {

/* Begin PBXBuildFile section */
		FA633AF3296FFDA30039B373 /* AppDelegate.swift in Sources */ = {isa = PBXBuildFile; fileRef = FA633AF2296FFDA30039B373 /* AppDelegate.swift */; };
		FA633AF5296FFDA30039B373 /* SceneDelegate.swift in Sources */ = {isa = PBXBuildFile; fileRef = FA633AF4296FFDA30039B373 /* SceneDelegate.swift */; };
		FA633AFD296FFDA30039B373 /* Nexflix.xcdatamodeld in Sources */ = {isa = PBXBuildFile; fileRef = FA633AFB296FFDA30039B373 /* Nexflix.xcdatamodeld */; };
		FA633AFF296FFDA40039B373 /* Assets.xcassets in Resources */ = {isa = PBXBuildFile; fileRef = FA633AFE296FFDA40039B373 /* Assets.xcassets */; };
		FA633B02296FFDA40039B373 /* LaunchScreen.storyboard in Resources */ = {isa = PBXBuildFile; fileRef = FA633B00296FFDA40039B373 /* LaunchScreen.storyboard */; };
		FA633B1B29700C420039B373 /* AppColors.swift in Sources */ = {isa = PBXBuildFile; fileRef = FA633B1A29700C420039B373 /* AppColors.swift */; };
		FA633B1D29700F500039B373 /* AppCoordinator.swift in Sources */ = {isa = PBXBuildFile; fileRef = FA633B1C29700F500039B373 /* AppCoordinator.swift */; };
		FA633B2029700F8C0039B373 /* Coordinator.swift in Sources */ = {isa = PBXBuildFile; fileRef = FA633B1F29700F8C0039B373 /* Coordinator.swift */; };
		FA633B222970305E0039B373 /* OnboardingViewController.swift in Sources */ = {isa = PBXBuildFile; fileRef = FA633B212970305E0039B373 /* OnboardingViewController.swift */; };
		FA633B24297034740039B373 /* TabBarViewController.swift in Sources */ = {isa = PBXBuildFile; fileRef = FA633B23297034740039B373 /* TabBarViewController.swift */; };
		FA633B26297035490039B373 /* OnboardingCoordinator.swift in Sources */ = {isa = PBXBuildFile; fileRef = FA633B25297035480039B373 /* OnboardingCoordinator.swift */; };
		FA633B29297036160039B373 /* UIStackView+Extensions.swift in Sources */ = {isa = PBXBuildFile; fileRef = FA633B28297036160039B373 /* UIStackView+Extensions.swift */; };
		FA633B2B2970372F0039B373 /* LabelFontStyles.swift in Sources */ = {isa = PBXBuildFile; fileRef = FA633B2A2970372F0039B373 /* LabelFontStyles.swift */; };
		FA633B31297039480039B373 /* Inter-Medium.ttf in Resources */ = {isa = PBXBuildFile; fileRef = FA633B2D297039480039B373 /* Inter-Medium.ttf */; };
		FA633B32297039480039B373 /* Inter-Light.ttf in Resources */ = {isa = PBXBuildFile; fileRef = FA633B2E297039480039B373 /* Inter-Light.ttf */; };
		FA633B33297039480039B373 /* Inter-Bold.ttf in Resources */ = {isa = PBXBuildFile; fileRef = FA633B2F297039480039B373 /* Inter-Bold.ttf */; };
		FA633B34297039480039B373 /* Inter-Regular.ttf in Resources */ = {isa = PBXBuildFile; fileRef = FA633B30297039480039B373 /* Inter-Regular.ttf */; };
		FA633B36297046BD0039B373 /* BaseTextButton.swift in Sources */ = {isa = PBXBuildFile; fileRef = FA633B35297046BD0039B373 /* BaseTextButton.swift */; };
		FA633B3829705BC40039B373 /* PrivacyViewController.swift in Sources */ = {isa = PBXBuildFile; fileRef = FA633B3729705BC40039B373 /* PrivacyViewController.swift */; };
		FA633B3A29705BD30039B373 /* SignInViewController.swift in Sources */ = {isa = PBXBuildFile; fileRef = FA633B3929705BD30039B373 /* SignInViewController.swift */; };
		FA633B3C297064F10039B373 /* PageViewController.swift in Sources */ = {isa = PBXBuildFile; fileRef = FA633B3B297064F10039B373 /* PageViewController.swift */; };
/* End PBXBuildFile section */

/* Begin PBXFileReference section */
		FA633AEF296FFDA30039B373 /* Nexflix.app */ = {isa = PBXFileReference; explicitFileType = wrapper.application; includeInIndex = 0; path = Nexflix.app; sourceTree = BUILT_PRODUCTS_DIR; };
		FA633AF2296FFDA30039B373 /* AppDelegate.swift */ = {isa = PBXFileReference; lastKnownFileType = sourcecode.swift; path = AppDelegate.swift; sourceTree = "<group>"; };
		FA633AF4296FFDA30039B373 /* SceneDelegate.swift */ = {isa = PBXFileReference; lastKnownFileType = sourcecode.swift; path = SceneDelegate.swift; sourceTree = "<group>"; };
		FA633AFC296FFDA30039B373 /* Nexflix.xcdatamodel */ = {isa = PBXFileReference; lastKnownFileType = wrapper.xcdatamodel; path = Nexflix.xcdatamodel; sourceTree = "<group>"; };
		FA633AFE296FFDA40039B373 /* Assets.xcassets */ = {isa = PBXFileReference; lastKnownFileType = folder.assetcatalog; path = Assets.xcassets; sourceTree = "<group>"; };
		FA633B01296FFDA40039B373 /* Base */ = {isa = PBXFileReference; lastKnownFileType = file.storyboard; name = Base; path = Base.lproj/LaunchScreen.storyboard; sourceTree = "<group>"; };
		FA633B03296FFDA40039B373 /* Info.plist */ = {isa = PBXFileReference; lastKnownFileType = text.plist.xml; path = Info.plist; sourceTree = "<group>"; };
		FA633B1A29700C420039B373 /* AppColors.swift */ = {isa = PBXFileReference; lastKnownFileType = sourcecode.swift; path = AppColors.swift; sourceTree = "<group>"; };
		FA633B1C29700F500039B373 /* AppCoordinator.swift */ = {isa = PBXFileReference; lastKnownFileType = sourcecode.swift; path = AppCoordinator.swift; sourceTree = "<group>"; };
		FA633B1F29700F8C0039B373 /* Coordinator.swift */ = {isa = PBXFileReference; lastKnownFileType = sourcecode.swift; path = Coordinator.swift; sourceTree = "<group>"; };
		FA633B212970305E0039B373 /* OnboardingViewController.swift */ = {isa = PBXFileReference; lastKnownFileType = sourcecode.swift; path = OnboardingViewController.swift; sourceTree = "<group>"; };
		FA633B23297034740039B373 /* TabBarViewController.swift */ = {isa = PBXFileReference; lastKnownFileType = sourcecode.swift; path = TabBarViewController.swift; sourceTree = "<group>"; };
		FA633B25297035480039B373 /* OnboardingCoordinator.swift */ = {isa = PBXFileReference; lastKnownFileType = sourcecode.swift; path = OnboardingCoordinator.swift; sourceTree = "<group>"; };
		FA633B28297036160039B373 /* UIStackView+Extensions.swift */ = {isa = PBXFileReference; lastKnownFileType = sourcecode.swift; path = "UIStackView+Extensions.swift"; sourceTree = "<group>"; };
		FA633B2A2970372F0039B373 /* LabelFontStyles.swift */ = {isa = PBXFileReference; lastKnownFileType = sourcecode.swift; path = LabelFontStyles.swift; sourceTree = "<group>"; };
		FA633B2D297039480039B373 /* Inter-Medium.ttf */ = {isa = PBXFileReference; lastKnownFileType = file; path = "Inter-Medium.ttf"; sourceTree = "<group>"; };
		FA633B2E297039480039B373 /* Inter-Light.ttf */ = {isa = PBXFileReference; lastKnownFileType = file; path = "Inter-Light.ttf"; sourceTree = "<group>"; };
		FA633B2F297039480039B373 /* Inter-Bold.ttf */ = {isa = PBXFileReference; lastKnownFileType = file; path = "Inter-Bold.ttf"; sourceTree = "<group>"; };
		FA633B30297039480039B373 /* Inter-Regular.ttf */ = {isa = PBXFileReference; lastKnownFileType = file; path = "Inter-Regular.ttf"; sourceTree = "<group>"; };
		FA633B35297046BD0039B373 /* BaseTextButton.swift */ = {isa = PBXFileReference; lastKnownFileType = sourcecode.swift; path = BaseTextButton.swift; sourceTree = "<group>"; };
		FA633B3729705BC40039B373 /* PrivacyViewController.swift */ = {isa = PBXFileReference; lastKnownFileType = sourcecode.swift; path = PrivacyViewController.swift; sourceTree = "<group>"; };
		FA633B3929705BD30039B373 /* SignInViewController.swift */ = {isa = PBXFileReference; lastKnownFileType = sourcecode.swift; path = SignInViewController.swift; sourceTree = "<group>"; };
		FA633B3B297064F10039B373 /* PageViewController.swift */ = {isa = PBXFileReference; lastKnownFileType = sourcecode.swift; path = PageViewController.swift; sourceTree = "<group>"; };
/* End PBXFileReference section */

/* Begin PBXFrameworksBuildPhase section */
		FA633AEC296FFDA30039B373 /* Frameworks */ = {
			isa = PBXFrameworksBuildPhase;
			buildActionMask = 2147483647;
			files = (
			);
			runOnlyForDeploymentPostprocessing = 0;
		};
/* End PBXFrameworksBuildPhase section */

/* Begin PBXGroup section */
		FA633AE6296FFDA30039B373 = {
			isa = PBXGroup;
			children = (
				FA633AF1296FFDA30039B373 /* Nexflix */,
				FA633AF0296FFDA30039B373 /* Products */,
			);
			sourceTree = "<group>";
		};
		FA633AF0296FFDA30039B373 /* Products */ = {
			isa = PBXGroup;
			children = (
				FA633AEF296FFDA30039B373 /* Nexflix.app */,
			);
			name = Products;
			sourceTree = "<group>";
		};
		FA633AF1296FFDA30039B373 /* Nexflix */ = {
			isa = PBXGroup;
			children = (
				FA633B0B2970052B0039B373 /* Application */,
				FA633B0F2970058A0039B373 /* Coordinator */,
				FA633B1E29700F7A0039B373 /* Protocols */,
				FA633B0E2970056F0039B373 /* NetworkService */,
				FA633B10297005990039B373 /* Core */,
				FA633B0C2970054E0039B373 /* Extensions */,
				FA633B09297005000039B373 /* CoreData */,
				FA633B0A2970050F0039B373 /* Resources */,
				FA633B00296FFDA40039B373 /* LaunchScreen.storyboard */,
			);
			path = Nexflix;
			sourceTree = "<group>";
		};
		FA633B09297005000039B373 /* CoreData */ = {
			isa = PBXGroup;
			children = (
				FA633AFB296FFDA30039B373 /* Nexflix.xcdatamodeld */,
			);
			path = CoreData;
			sourceTree = "<group>";
		};
		FA633B0A2970050F0039B373 /* Resources */ = {
			isa = PBXGroup;
			children = (
				FA633B2C297039480039B373 /* Fonts */,
				FA633B03296FFDA40039B373 /* Info.plist */,
				FA633AFE296FFDA40039B373 /* Assets.xcassets */,
				FA633B14297006FA0039B373 /* Colors */,
			);
			path = Resources;
			sourceTree = "<group>";
		};
		FA633B0B2970052B0039B373 /* Application */ = {
			isa = PBXGroup;
			children = (
				FA633AF2296FFDA30039B373 /* AppDelegate.swift */,
				FA633AF4296FFDA30039B373 /* SceneDelegate.swift */,
			);
			path = Application;
			sourceTree = "<group>";
		};
		FA633B0C2970054E0039B373 /* Extensions */ = {
			isa = PBXGroup;
			children = (
				FA633B28297036160039B373 /* UIStackView+Extensions.swift */,
			);
			path = Extensions;
			sourceTree = "<group>";
		};
		FA633B0E2970056F0039B373 /* NetworkService */ = {
			isa = PBXGroup;
			children = (
			);
			path = NetworkService;
			sourceTree = "<group>";
		};
		FA633B0F2970058A0039B373 /* Coordinator */ = {
			isa = PBXGroup;
			children = (
				FA633B1C29700F500039B373 /* AppCoordinator.swift */,
			);
			path = Coordinator;
			sourceTree = "<group>";
		};
		FA633B10297005990039B373 /* Core */ = {
			isa = PBXGroup;
			children = (
				FA633B3D29706C330039B373 /* Controllers */,
				FA633B172970079D0039B373 /* Models */,
				FA633B27297035A20039B373 /* Onboarding */,
				FA633B18297007AF0039B373 /* Views */,
				FA633B12297005D10039B373 /* Components */,
			);
			path = Core;
			sourceTree = "<group>";
		};
		FA633B12297005D10039B373 /* Components */ = {
			isa = PBXGroup;
			children = (
			);
			path = Components;
			sourceTree = "<group>";
		};
		FA633B14297006FA0039B373 /* Colors */ = {
			isa = PBXGroup;
			children = (
				FA633B1A29700C420039B373 /* AppColors.swift */,
			);
			path = Colors;
			sourceTree = "<group>";
		};
		FA633B172970079D0039B373 /* Models */ = {
			isa = PBXGroup;
			children = (
			);
			path = Models;
			sourceTree = "<group>";
		};
		FA633B18297007AF0039B373 /* Views */ = {
			isa = PBXGroup;
			children = (
				FA633B2A2970372F0039B373 /* LabelFontStyles.swift */,
				FA633B35297046BD0039B373 /* BaseTextButton.swift */,
				FA633B19297007BD0039B373 /* Cells */,
			);
			path = Views;
			sourceTree = "<group>";
		};
		FA633B19297007BD0039B373 /* Cells */ = {
			isa = PBXGroup;
			children = (
			);
			path = Cells;
			sourceTree = "<group>";
		};
		FA633B1E29700F7A0039B373 /* Protocols */ = {
			isa = PBXGroup;
			children = (
				FA633B1F29700F8C0039B373 /* Coordinator.swift */,
			);
			path = Protocols;
			sourceTree = "<group>";
		};
		FA633B27297035A20039B373 /* Onboarding */ = {
			isa = PBXGroup;
			children = (
				FA633B25297035480039B373 /* OnboardingCoordinator.swift */,
				FA633B212970305E0039B373 /* OnboardingViewController.swift */,
			);
			path = Onboarding;
			sourceTree = "<group>";
		};
		FA633B2C297039480039B373 /* Fonts */ = {
			isa = PBXGroup;
			children = (
				FA633B2D297039480039B373 /* Inter-Medium.ttf */,
				FA633B2E297039480039B373 /* Inter-Light.ttf */,
				FA633B2F297039480039B373 /* Inter-Bold.ttf */,
				FA633B30297039480039B373 /* Inter-Regular.ttf */,
			);
			path = Fonts;
			sourceTree = "<group>";
		};
		FA633B3D29706C330039B373 /* Controllers */ = {
			isa = PBXGroup;
			children = (
				FA633B23297034740039B373 /* TabBarViewController.swift */,
				FA633B3729705BC40039B373 /* PrivacyViewController.swift */,
				FA633B3929705BD30039B373 /* SignInViewController.swift */,
				FA633B3B297064F10039B373 /* PageViewController.swift */,
			);
			path = Controllers;
			sourceTree = "<group>";
		};
/* End PBXGroup section */

/* Begin PBXNativeTarget section */
		FA633AEE296FFDA30039B373 /* Nexflix */ = {
			isa = PBXNativeTarget;
			buildConfigurationList = FA633B06296FFDA40039B373 /* Build configuration list for PBXNativeTarget "Nexflix" */;
			buildPhases = (
				FA633AEB296FFDA30039B373 /* Sources */,
				FA633AEC296FFDA30039B373 /* Frameworks */,
				FA633AED296FFDA30039B373 /* Resources */,
			);
			buildRules = (
			);
			dependencies = (
			);
			name = Nexflix;
			productName = Nexflix;
			productReference = FA633AEF296FFDA30039B373 /* Nexflix.app */;
			productType = "com.apple.product-type.application";
		};
/* End PBXNativeTarget section */

/* Begin PBXProject section */
		FA633AE7296FFDA30039B373 /* Project object */ = {
			isa = PBXProject;
			attributes = {
				BuildIndependentTargetsInParallel = 1;
				LastSwiftUpdateCheck = 1420;
				LastUpgradeCheck = 1420;
				TargetAttributes = {
					FA633AEE296FFDA30039B373 = {
						CreatedOnToolsVersion = 14.2;
					};
				};
			};
			buildConfigurationList = FA633AEA296FFDA30039B373 /* Build configuration list for PBXProject "Nexflix" */;
			compatibilityVersion = "Xcode 14.0";
			developmentRegion = en;
			hasScannedForEncodings = 0;
			knownRegions = (
				en,
				Base,
			);
			mainGroup = FA633AE6296FFDA30039B373;
			productRefGroup = FA633AF0296FFDA30039B373 /* Products */;
			projectDirPath = "";
			projectRoot = "";
			targets = (
				FA633AEE296FFDA30039B373 /* Nexflix */,
			);
		};
/* End PBXProject section */

/* Begin PBXResourcesBuildPhase section */
		FA633AED296FFDA30039B373 /* Resources */ = {
			isa = PBXResourcesBuildPhase;
			buildActionMask = 2147483647;
			files = (
				FA633B02296FFDA40039B373 /* LaunchScreen.storyboard in Resources */,
				FA633B33297039480039B373 /* Inter-Bold.ttf in Resources */,
				FA633AFF296FFDA40039B373 /* Assets.xcassets in Resources */,
				FA633B32297039480039B373 /* Inter-Light.ttf in Resources */,
				FA633B34297039480039B373 /* Inter-Regular.ttf in Resources */,
				FA633B31297039480039B373 /* Inter-Medium.ttf in Resources */,
			);
			runOnlyForDeploymentPostprocessing = 0;
		};
/* End PBXResourcesBuildPhase section */

/* Begin PBXSourcesBuildPhase section */
		FA633AEB296FFDA30039B373 /* Sources */ = {
			isa = PBXSourcesBuildPhase;
			buildActionMask = 2147483647;
			files = (
				FA633B3A29705BD30039B373 /* SignInViewController.swift in Sources */,
				FA633B24297034740039B373 /* TabBarViewController.swift in Sources */,
				FA633AF3296FFDA30039B373 /* AppDelegate.swift in Sources */,
				FA633B3829705BC40039B373 /* PrivacyViewController.swift in Sources */,
				FA633B1B29700C420039B373 /* AppColors.swift in Sources */,
				FA633B2029700F8C0039B373 /* Coordinator.swift in Sources */,
				FA633B3C297064F10039B373 /* PageViewController.swift in Sources */,
				FA633B26297035490039B373 /* OnboardingCoordinator.swift in Sources */,
				FA633B1D29700F500039B373 /* AppCoordinator.swift in Sources */,
				FA633B222970305E0039B373 /* OnboardingViewController.swift in Sources */,
				FA633B29297036160039B373 /* UIStackView+Extensions.swift in Sources */,
				FA633B2B2970372F0039B373 /* LabelFontStyles.swift in Sources */,
				FA633AFD296FFDA30039B373 /* Nexflix.xcdatamodeld in Sources */,
				FA633AF5296FFDA30039B373 /* SceneDelegate.swift in Sources */,
				FA633B36297046BD0039B373 /* BaseTextButton.swift in Sources */,
			);
			runOnlyForDeploymentPostprocessing = 0;
		};
/* End PBXSourcesBuildPhase section */

/* Begin PBXVariantGroup section */
		FA633B00296FFDA40039B373 /* LaunchScreen.storyboard */ = {
			isa = PBXVariantGroup;
			children = (
				FA633B01296FFDA40039B373 /* Base */,
			);
			name = LaunchScreen.storyboard;
			sourceTree = "<group>";
		};
/* End PBXVariantGroup section */

/* Begin XCBuildConfiguration section */
		FA633B04296FFDA40039B373 /* Debug */ = {
			isa = XCBuildConfiguration;
			buildSettings = {
				ALWAYS_SEARCH_USER_PATHS = NO;
				CLANG_ANALYZER_NONNULL = YES;
				CLANG_ANALYZER_NUMBER_OBJECT_CONVERSION = YES_AGGRESSIVE;
				CLANG_CXX_LANGUAGE_STANDARD = "gnu++20";
				CLANG_ENABLE_MODULES = YES;
				CLANG_ENABLE_OBJC_ARC = YES;
				CLANG_ENABLE_OBJC_WEAK = YES;
				CLANG_WARN_BLOCK_CAPTURE_AUTORELEASING = YES;
				CLANG_WARN_BOOL_CONVERSION = YES;
				CLANG_WARN_COMMA = YES;
				CLANG_WARN_CONSTANT_CONVERSION = YES;
				CLANG_WARN_DEPRECATED_OBJC_IMPLEMENTATIONS = YES;
				CLANG_WARN_DIRECT_OBJC_ISA_USAGE = YES_ERROR;
				CLANG_WARN_DOCUMENTATION_COMMENTS = YES;
				CLANG_WARN_EMPTY_BODY = YES;
				CLANG_WARN_ENUM_CONVERSION = YES;
				CLANG_WARN_INFINITE_RECURSION = YES;
				CLANG_WARN_INT_CONVERSION = YES;
				CLANG_WARN_NON_LITERAL_NULL_CONVERSION = YES;
				CLANG_WARN_OBJC_IMPLICIT_RETAIN_SELF = YES;
				CLANG_WARN_OBJC_LITERAL_CONVERSION = YES;
				CLANG_WARN_OBJC_ROOT_CLASS = YES_ERROR;
				CLANG_WARN_QUOTED_INCLUDE_IN_FRAMEWORK_HEADER = YES;
				CLANG_WARN_RANGE_LOOP_ANALYSIS = YES;
				CLANG_WARN_STRICT_PROTOTYPES = YES;
				CLANG_WARN_SUSPICIOUS_MOVE = YES;
				CLANG_WARN_UNGUARDED_AVAILABILITY = YES_AGGRESSIVE;
				CLANG_WARN_UNREACHABLE_CODE = YES;
				CLANG_WARN__DUPLICATE_METHOD_MATCH = YES;
				COPY_PHASE_STRIP = NO;
				DEBUG_INFORMATION_FORMAT = dwarf;
				ENABLE_STRICT_OBJC_MSGSEND = YES;
				ENABLE_TESTABILITY = YES;
				GCC_C_LANGUAGE_STANDARD = gnu11;
				GCC_DYNAMIC_NO_PIC = NO;
				GCC_NO_COMMON_BLOCKS = YES;
				GCC_OPTIMIZATION_LEVEL = 0;
				GCC_PREPROCESSOR_DEFINITIONS = (
					"DEBUG=1",
					"$(inherited)",
				);
				GCC_WARN_64_TO_32_BIT_CONVERSION = YES;
				GCC_WARN_ABOUT_RETURN_TYPE = YES_ERROR;
				GCC_WARN_UNDECLARED_SELECTOR = YES;
				GCC_WARN_UNINITIALIZED_AUTOS = YES_AGGRESSIVE;
				GCC_WARN_UNUSED_FUNCTION = YES;
				GCC_WARN_UNUSED_VARIABLE = YES;
				IPHONEOS_DEPLOYMENT_TARGET = 16.2;
				MTL_ENABLE_DEBUG_INFO = INCLUDE_SOURCE;
				MTL_FAST_MATH = YES;
				ONLY_ACTIVE_ARCH = YES;
				SDKROOT = iphoneos;
				SWIFT_ACTIVE_COMPILATION_CONDITIONS = DEBUG;
				SWIFT_OPTIMIZATION_LEVEL = "-Onone";
			};
			name = Debug;
		};
		FA633B05296FFDA40039B373 /* Release */ = {
			isa = XCBuildConfiguration;
			buildSettings = {
				ALWAYS_SEARCH_USER_PATHS = NO;
				CLANG_ANALYZER_NONNULL = YES;
				CLANG_ANALYZER_NUMBER_OBJECT_CONVERSION = YES_AGGRESSIVE;
				CLANG_CXX_LANGUAGE_STANDARD = "gnu++20";
				CLANG_ENABLE_MODULES = YES;
				CLANG_ENABLE_OBJC_ARC = YES;
				CLANG_ENABLE_OBJC_WEAK = YES;
				CLANG_WARN_BLOCK_CAPTURE_AUTORELEASING = YES;
				CLANG_WARN_BOOL_CONVERSION = YES;
				CLANG_WARN_COMMA = YES;
				CLANG_WARN_CONSTANT_CONVERSION = YES;
				CLANG_WARN_DEPRECATED_OBJC_IMPLEMENTATIONS = YES;
				CLANG_WARN_DIRECT_OBJC_ISA_USAGE = YES_ERROR;
				CLANG_WARN_DOCUMENTATION_COMMENTS = YES;
				CLANG_WARN_EMPTY_BODY = YES;
				CLANG_WARN_ENUM_CONVERSION = YES;
				CLANG_WARN_INFINITE_RECURSION = YES;
				CLANG_WARN_INT_CONVERSION = YES;
				CLANG_WARN_NON_LITERAL_NULL_CONVERSION = YES;
				CLANG_WARN_OBJC_IMPLICIT_RETAIN_SELF = YES;
				CLANG_WARN_OBJC_LITERAL_CONVERSION = YES;
				CLANG_WARN_OBJC_ROOT_CLASS = YES_ERROR;
				CLANG_WARN_QUOTED_INCLUDE_IN_FRAMEWORK_HEADER = YES;
				CLANG_WARN_RANGE_LOOP_ANALYSIS = YES;
				CLANG_WARN_STRICT_PROTOTYPES = YES;
				CLANG_WARN_SUSPICIOUS_MOVE = YES;
				CLANG_WARN_UNGUARDED_AVAILABILITY = YES_AGGRESSIVE;
				CLANG_WARN_UNREACHABLE_CODE = YES;
				CLANG_WARN__DUPLICATE_METHOD_MATCH = YES;
				COPY_PHASE_STRIP = NO;
				DEBUG_INFORMATION_FORMAT = "dwarf-with-dsym";
				ENABLE_NS_ASSERTIONS = NO;
				ENABLE_STRICT_OBJC_MSGSEND = YES;
				GCC_C_LANGUAGE_STANDARD = gnu11;
				GCC_NO_COMMON_BLOCKS = YES;
				GCC_WARN_64_TO_32_BIT_CONVERSION = YES;
				GCC_WARN_ABOUT_RETURN_TYPE = YES_ERROR;
				GCC_WARN_UNDECLARED_SELECTOR = YES;
				GCC_WARN_UNINITIALIZED_AUTOS = YES_AGGRESSIVE;
				GCC_WARN_UNUSED_FUNCTION = YES;
				GCC_WARN_UNUSED_VARIABLE = YES;
				IPHONEOS_DEPLOYMENT_TARGET = 16.2;
				MTL_ENABLE_DEBUG_INFO = NO;
				MTL_FAST_MATH = YES;
				SDKROOT = iphoneos;
				SWIFT_COMPILATION_MODE = wholemodule;
				SWIFT_OPTIMIZATION_LEVEL = "-O";
				VALIDATE_PRODUCT = YES;
			};
			name = Release;
		};
		FA633B07296FFDA40039B373 /* Debug */ = {
			isa = XCBuildConfiguration;
			buildSettings = {
				ASSETCATALOG_COMPILER_APPICON_NAME = AppIcon;
				ASSETCATALOG_COMPILER_GLOBAL_ACCENT_COLOR_NAME = AccentColor;
				CODE_SIGN_STYLE = Automatic;
				CURRENT_PROJECT_VERSION = 1;
				DEVELOPMENT_TEAM = A55B4JSB5L;
				GENERATE_INFOPLIST_FILE = YES;
				INFOPLIST_FILE = Nexflix/Info.plist;
				INFOPLIST_KEY_LSApplicationCategoryType = "";
				INFOPLIST_KEY_UIApplicationSupportsIndirectInputEvents = YES;
				INFOPLIST_KEY_UILaunchStoryboardName = LaunchScreen.storyboard;
				INFOPLIST_KEY_UISupportedInterfaceOrientations_iPad = "UIInterfaceOrientationPortrait UIInterfaceOrientationPortraitUpsideDown UIInterfaceOrientationLandscapeLeft UIInterfaceOrientationLandscapeRight";
				INFOPLIST_KEY_UISupportedInterfaceOrientations_iPhone = "UIInterfaceOrientationPortrait UIInterfaceOrientationLandscapeLeft UIInterfaceOrientationLandscapeRight";
				LD_RUNPATH_SEARCH_PATHS = (
					"$(inherited)",
					"@executable_path/Frameworks",
				);
				MARKETING_VERSION = 1.0;
				PRODUCT_BUNDLE_IDENTIFIER = "Oksana-Poliakova.Nexflix";
				PRODUCT_NAME = "$(TARGET_NAME)";
				SWIFT_EMIT_LOC_STRINGS = YES;
				SWIFT_VERSION = 5.0;
				TARGETED_DEVICE_FAMILY = "1,2";
			};
			name = Debug;
		};
		FA633B08296FFDA40039B373 /* Release */ = {
			isa = XCBuildConfiguration;
			buildSettings = {
				ASSETCATALOG_COMPILER_APPICON_NAME = AppIcon;
				ASSETCATALOG_COMPILER_GLOBAL_ACCENT_COLOR_NAME = AccentColor;
				CODE_SIGN_STYLE = Automatic;
				CURRENT_PROJECT_VERSION = 1;
				DEVELOPMENT_TEAM = A55B4JSB5L;
				GENERATE_INFOPLIST_FILE = YES;
				INFOPLIST_FILE = Nexflix/Info.plist;
				INFOPLIST_KEY_LSApplicationCategoryType = "";
				INFOPLIST_KEY_UIApplicationSupportsIndirectInputEvents = YES;
				INFOPLIST_KEY_UILaunchStoryboardName = LaunchScreen.storyboard;
				INFOPLIST_KEY_UISupportedInterfaceOrientations_iPad = "UIInterfaceOrientationPortrait UIInterfaceOrientationPortraitUpsideDown UIInterfaceOrientationLandscapeLeft UIInterfaceOrientationLandscapeRight";
				INFOPLIST_KEY_UISupportedInterfaceOrientations_iPhone = "UIInterfaceOrientationPortrait UIInterfaceOrientationLandscapeLeft UIInterfaceOrientationLandscapeRight";
				LD_RUNPATH_SEARCH_PATHS = (
					"$(inherited)",
					"@executable_path/Frameworks",
				);
				MARKETING_VERSION = 1.0;
				PRODUCT_BUNDLE_IDENTIFIER = "Oksana-Poliakova.Nexflix";
				PRODUCT_NAME = "$(TARGET_NAME)";
				SWIFT_EMIT_LOC_STRINGS = YES;
				SWIFT_VERSION = 5.0;
				TARGETED_DEVICE_FAMILY = "1,2";
			};
			name = Release;
		};
/* End XCBuildConfiguration section */

/* Begin XCConfigurationList section */
		FA633AEA296FFDA30039B373 /* Build configuration list for PBXProject "Nexflix" */ = {
			isa = XCConfigurationList;
			buildConfigurations = (
				FA633B04296FFDA40039B373 /* Debug */,
				FA633B05296FFDA40039B373 /* Release */,
			);
			defaultConfigurationIsVisible = 0;
			defaultConfigurationName = Release;
		};
		FA633B06296FFDA40039B373 /* Build configuration list for PBXNativeTarget "Nexflix" */ = {
			isa = XCConfigurationList;
			buildConfigurations = (
				FA633B07296FFDA40039B373 /* Debug */,
				FA633B08296FFDA40039B373 /* Release */,
			);
			defaultConfigurationIsVisible = 0;
			defaultConfigurationName = Release;
		};
/* End XCConfigurationList section */

/* Begin XCVersionGroup section */
		FA633AFB296FFDA30039B373 /* Nexflix.xcdatamodeld */ = {
			isa = XCVersionGroup;
			children = (
				FA633AFC296FFDA30039B373 /* Nexflix.xcdatamodel */,
			);
			currentVersion = FA633AFC296FFDA30039B373 /* Nexflix.xcdatamodel */;
			path = Nexflix.xcdatamodeld;
			sourceTree = "<group>";
			versionGroupType = wrapper.xcdatamodel;
		};
/* End XCVersionGroup section */
	};
	rootObject = FA633AE7296FFDA30039B373 /* Project object */;
}
